
Microsoft Visual Studio Solution File, Format Version 12.00
# Visual Studio 15
VisualStudioVersion = 15.0.28307.271
MinimumVisualStudioVersion = 10.0.40219.1
Project("{FAE04EC0-301F-11D3-BF4B-00C04F79EFBC}") = "SystemUnityLib", "SystemUnityLib\SystemUnityLib.csproj", "{9223CDB9-CE6F-4CB8-B3B2-475470923B23}"
EndProject
Global
	GlobalSection(SolutionConfigurationPlatforms) = preSolution
		Debug|Any CPU = Debug|Any CPU
		Release|Any CPU = Release|Any CPU
	EndGlobalSection
	GlobalSection(ProjectConfigurationPlatforms) = postSolution
		{9223CDB9-CE6F-4CB8-B3B2-475470923B23}.Debug|Any CPU.ActiveCfg = Debug|Any CPU
		{9223CDB9-CE6F-4CB8-B3B2-475470923B23}.Debug|Any CPU.Build.0 = Debug|Any CPU
		{9223CDB9-CE6F-4CB8-B3B2-475470923B23}.Release|Any CPU.ActiveCfg = Release|Any CPU
		{9223CDB9-CE6F-4CB8-B3B2-475470923B23}.Release|Any CPU.Build.0 = Release|Any CPU
	EndGlobalSection
	GlobalSection(SolutionProperties) = preSolution
		HideSolutionNode = FALSE
	EndGlobalSection
	GlobalSection(ExtensibilityGlobals) = postSolution
		SolutionGuid = {88299C1E-80F4-4EE5-A898-1D2B5A043137}
	EndGlobalSection
EndGlobal
